
Microsoft Visual Studio Solution File, Format Version 12.00
# Visual Studio 15
VisualStudioVersion = 15.0.25807.0
MinimumVisualStudioVersion = 10.0.40219.1
Project("{2150E333-8FDC-42A3-9474-1A3956D46DE8}") = "Engine", "Engine", "{D6DA6981-40B6-4F26-952F-7814A4C96FE2}"
EndProject
Project("{2150E333-8FDC-42A3-9474-1A3956D46DE8}") = "Games", "Games", "{F4021036-CF8C-408F-AFC6-3C0105511923}"
EndProject
Project("{8BC9CEB8-8B4A-11D0-8D11-00A0C91BC942}") = "UE4", "Intermediate\ProjectFiles\UE4.vcxproj", "{7A58A1FD-2EA0-4AAA-A077-5009B827F753}"
EndProject
Project("{8BC9CEB8-8B4A-11D0-8D11-00A0C91BC942}") = "BuildingEscape", "Intermediate\ProjectFiles\BuildingEscape.vcxproj", "{5C757B1A-C733-4A97-BE65-FA4BBA12E69D}"
EndProject
Project("{2150E333-8FDC-42A3-9474-1A3956D46DE8}") = "Visualizers", "Visualizers", "{A5A628BC-B4AC-47F0-A770-799426CD8323}"
	ProjectSection(SolutionItems) = preProject
		..\..\..\..\..\..\Program Files\Epic Games\UE_4.21\Engine\Extras\VisualStudioDebugging\UE4.natvis = ..\..\..\..\..\..\Program Files\Epic Games\UE_4.21\Engine\Extras\VisualStudioDebugging\UE4.natvis
	EndProjectSection
EndProject
Global
	GlobalSection(SolutionConfigurationPlatforms) = preSolution
		DebugGame Editor|HTML5 = DebugGame Editor|HTML5
		DebugGame Editor|Win32 = DebugGame Editor|Win32
		DebugGame Editor|Win64 = DebugGame Editor|Win64
		DebugGame|HTML5 = DebugGame|HTML5
		DebugGame|Win32 = DebugGame|Win32
		DebugGame|Win64 = DebugGame|Win64
		Development Editor|HTML5 = Development Editor|HTML5
		Development Editor|Win32 = Development Editor|Win32
		Development Editor|Win64 = Development Editor|Win64
		Development|HTML5 = Development|HTML5
		Development|Win32 = Development|Win32
		Development|Win64 = Development|Win64
		Shipping|HTML5 = Shipping|HTML5
		Shipping|Win32 = Shipping|Win32
		Shipping|Win64 = Shipping|Win64
	EndGlobalSection
	GlobalSection(ProjectConfigurationPlatforms) = postSolution
		{7A58A1FD-2EA0-4AAA-A077-5009B827F753}.DebugGame Editor|HTML5.ActiveCfg = BuiltWithUnrealBuildTool|Win32
		{7A58A1FD-2EA0-4AAA-A077-5009B827F753}.DebugGame Editor|Win32.ActiveCfg = BuiltWithUnrealBuildTool|Win32
		{7A58A1FD-2EA0-4AAA-A077-5009B827F753}.DebugGame Editor|Win64.ActiveCfg = BuiltWithUnrealBuildTool|Win32
		{7A58A1FD-2EA0-4AAA-A077-5009B827F753}.DebugGame|HTML5.ActiveCfg = BuiltWithUnrealBuildTool|Win32
		{7A58A1FD-2EA0-4AAA-A077-5009B827F753}.DebugGame|Win32.ActiveCfg = BuiltWithUnrealBuildTool|Win32
		{7A58A1FD-2EA0-4AAA-A077-5009B827F753}.DebugGame|Win64.ActiveCfg = BuiltWithUnrealBuildTool|Win32
		{7A58A1FD-2EA0-4AAA-A077-5009B827F753}.Development Editor|HTML5.ActiveCfg = BuiltWithUnrealBuildTool|Win32
		{7A58A1FD-2EA0-4AAA-A077-5009B827F753}.Development Editor|Win32.ActiveCfg = BuiltWithUnrealBuildTool|Win32
		{7A58A1FD-2EA0-4AAA-A077-5009B827F753}.Development Editor|Win64.ActiveCfg = BuiltWithUnrealBuildTool|Win32
		{7A58A1FD-2EA0-4AAA-A077-5009B827F753}.Development|HTML5.ActiveCfg = BuiltWithUnrealBuildTool|Win32
		{7A58A1FD-2EA0-4AAA-A077-5009B827F753}.Development|Win32.ActiveCfg = BuiltWithUnrealBuildTool|Win32
		{7A58A1FD-2EA0-4AAA-A077-5009B827F753}.Development|Win64.ActiveCfg = BuiltWithUnrealBuildTool|Win32
		{7A58A1FD-2EA0-4AAA-A077-5009B827F753}.Shipping|HTML5.ActiveCfg = BuiltWithUnrealBuildTool|Win32
		{7A58A1FD-2EA0-4AAA-A077-5009B827F753}.Shipping|Win32.ActiveCfg = BuiltWithUnrealBuildTool|Win32
		{7A58A1FD-2EA0-4AAA-A077-5009B827F753}.Shipping|Win64.ActiveCfg = BuiltWithUnrealBuildTool|Win32
		{5C757B1A-C733-4A97-BE65-FA4BBA12E69D}.DebugGame Editor|HTML5.ActiveCfg = Invalid|Win32
		{5C757B1A-C733-4A97-BE65-FA4BBA12E69D}.DebugGame Editor|Win32.ActiveCfg = Invalid|Win32
		{5C757B1A-C733-4A97-BE65-FA4BBA12E69D}.DebugGame Editor|Win64.ActiveCfg = DebugGame_Editor|x64
		{5C757B1A-C733-4A97-BE65-FA4BBA12E69D}.DebugGame Editor|Win64.Build.0 = DebugGame_Editor|x64
		{5C757B1A-C733-4A97-BE65-FA4BBA12E69D}.DebugGame|HTML5.ActiveCfg = HTML5_DebugGame|Win32
		{5C757B1A-C733-4A97-BE65-FA4BBA12E69D}.DebugGame|HTML5.Build.0 = HTML5_DebugGame|Win32
		{5C757B1A-C733-4A97-BE65-FA4BBA12E69D}.DebugGame|Win32.ActiveCfg = DebugGame|Win32
		{5C757B1A-C733-4A97-BE65-FA4BBA12E69D}.DebugGame|Win32.Build.0 = DebugGame|Win32
		{5C757B1A-C733-4A97-BE65-FA4BBA12E69D}.DebugGame|Win64.ActiveCfg = DebugGame|x64
		{5C757B1A-C733-4A97-BE65-FA4BBA12E69D}.DebugGame|Win64.Build.0 = DebugGame|x64
		{5C757B1A-C733-4A97-BE65-FA4BBA12E69D}.Development Editor|HTML5.ActiveCfg = Invalid|Win32
		{5C757B1A-C733-4A97-BE65-FA4BBA12E69D}.Development Editor|Win32.ActiveCfg = Invalid|Win32
		{5C757B1A-C733-4A97-BE65-FA4BBA12E69D}.Development Editor|Win64.ActiveCfg = Development_Editor|x64
		{5C757B1A-C733-4A97-BE65-FA4BBA12E69D}.Development Editor|Win64.Build.0 = Development_Editor|x64
		{5C757B1A-C733-4A97-BE65-FA4BBA12E69D}.Development|HTML5.ActiveCfg = HTML5_Development|Win32
		{5C757B1A-C733-4A97-BE65-FA4BBA12E69D}.Development|HTML5.Build.0 = HTML5_Development|Win32
		{5C757B1A-C733-4A97-BE65-FA4BBA12E69D}.Development|Win32.ActiveCfg = Development|Win32
		{5C757B1A-C733-4A97-BE65-FA4BBA12E69D}.Development|Win32.Build.0 = Development|Win32
		{5C757B1A-C733-4A97-BE65-FA4BBA12E69D}.Development|Win64.ActiveCfg = Development|x64
		{5C757B1A-C733-4A97-BE65-FA4BBA12E69D}.Development|Win64.Build.0 = Development|x64
		{5C757B1A-C733-4A97-BE65-FA4BBA12E69D}.Shipping|HTML5.ActiveCfg = HTML5_Shipping|Win32
		{5C757B1A-C733-4A97-BE65-FA4BBA12E69D}.Shipping|HTML5.Build.0 = HTML5_Shipping|Win32
		{5C757B1A-C733-4A97-BE65-FA4BBA12E69D}.Shipping|Win32.ActiveCfg = Shipping|Win32
		{5C757B1A-C733-4A97-BE65-FA4BBA12E69D}.Shipping|Win32.Build.0 = Shipping|Win32
		{5C757B1A-C733-4A97-BE65-FA4BBA12E69D}.Shipping|Win64.ActiveCfg = Shipping|x64
		{5C757B1A-C733-4A97-BE65-FA4BBA12E69D}.Shipping|Win64.Build.0 = Shipping|x64
	EndGlobalSection
	GlobalSection(SolutionProperties) = preSolution
		HideSolutionNode = FALSE
	EndGlobalSection
	GlobalSection(NestedProjects) = preSolution
		{7A58A1FD-2EA0-4AAA-A077-5009B827F753} = {D6DA6981-40B6-4F26-952F-7814A4C96FE2}
		{5C757B1A-C733-4A97-BE65-FA4BBA12E69D} = {F4021036-CF8C-408F-AFC6-3C0105511923}
	EndGlobalSection
EndGlobal
